
Microsoft Visual Studio Solution File, Format Version 12.00
# Visual Studio Version 16
VisualStudioVersion = 16.0.30804.86
MinimumVisualStudioVersion = 10.0.40219.1
Project("{9A19103F-16F7-4668-BE54-9A1E7A4F7556}") = "CodeRepositoryForCSharp", "CodeRepositoryForCSharp\CodeRepositoryForCSharp.csproj", "{1207F277-38BF-422C-A29A-B3695FE6F136}"
EndProject
Project("{FAE04EC0-301F-11D3-BF4B-00C04F79EFBC}") = "NUnitTestProject", "NUnitTestProject\NUnitTestProject.csproj", "{8F93A538-7D53-4A15-AD30-2A130AA2D8F1}"
EndProject
Global
	GlobalSection(SolutionConfigurationPlatforms) = preSolution
		Debug|Any CPU = Debug|Any CPU
		Release|Any CPU = Release|Any CPU
	EndGlobalSection
	GlobalSection(ProjectConfigurationPlatforms) = postSolution
		{1207F277-38BF-422C-A29A-B3695FE6F136}.Debug|Any CPU.ActiveCfg = Debug|Any CPU
		{1207F277-38BF-422C-A29A-B3695FE6F136}.Debug|Any CPU.Build.0 = Debug|Any CPU
		{1207F277-38BF-422C-A29A-B3695FE6F136}.Release|Any CPU.ActiveCfg = Release|Any CPU
		{1207F277-38BF-422C-A29A-B3695FE6F136}.Release|Any CPU.Build.0 = Release|Any CPU
		{8F93A538-7D53-4A15-AD30-2A130AA2D8F1}.Debug|Any CPU.ActiveCfg = Debug|Any CPU
		{8F93A538-7D53-4A15-AD30-2A130AA2D8F1}.Debug|Any CPU.Build.0 = Debug|Any CPU
		{8F93A538-7D53-4A15-AD30-2A130AA2D8F1}.Release|Any CPU.ActiveCfg = Release|Any CPU
		{8F93A538-7D53-4A15-AD30-2A130AA2D8F1}.Release|Any CPU.Build.0 = Release|Any CPU
	EndGlobalSection
	GlobalSection(SolutionProperties) = preSolution
		HideSolutionNode = FALSE
	EndGlobalSection
	GlobalSection(ExtensibilityGlobals) = postSolution
		SolutionGuid = {64E50AF4-4C93-4DDE-95E2-A205163C0A11}
	EndGlobalSection
EndGlobal
